
Microsoft Visual Studio Solution File, Format Version 12.00
# Visual Studio Version 16
VisualStudioVersion = 16.0.32126.315
MinimumVisualStudioVersion = 10.0.40219.1
Project("{9A19103F-16F7-4668-BE54-9A1E7A4F7556}") = "Bilancia", "Bilancia.csproj", "{C4757765-6F6B-4781-B176-0896368637D0}"
EndProject
Global
	GlobalSection(SolutionConfigurationPlatforms) = preSolution
		Debug|Any CPU = Debug|Any CPU
		Release|Any CPU = Release|Any CPU
	EndGlobalSection
	GlobalSection(ProjectConfigurationPlatforms) = postSolution
		{C4757765-6F6B-4781-B176-0896368637D0}.Debug|Any CPU.ActiveCfg = Debug|Any CPU
		{C4757765-6F6B-4781-B176-0896368637D0}.Debug|Any CPU.Build.0 = Debug|Any CPU
		{C4757765-6F6B-4781-B176-0896368637D0}.Release|Any CPU.ActiveCfg = Release|Any CPU
		{C4757765-6F6B-4781-B176-0896368637D0}.Release|Any CPU.Build.0 = Release|Any CPU
	EndGlobalSection
	GlobalSection(SolutionProperties) = preSolution
		HideSolutionNode = FALSE
	EndGlobalSection
	GlobalSection(ExtensibilityGlobals) = postSolution
		SolutionGuid = {EBF6541A-F666-4D18-9463-6B62AFAFB9EB}
	EndGlobalSection
EndGlobal
