
Microsoft Visual Studio Solution File, Format Version 12.00
# Visual Studio Version 16
VisualStudioVersion = 16.0.31005.135
MinimumVisualStudioVersion = 10.0.40219.1
Project("{9A19103F-16F7-4668-BE54-9A1E7A4F7556}") = "backend-api-core-biltek", "backend-api-core-biltek.csproj", "{F9075132-D601-437F-B7C2-E420B206C0B8}"
EndProject
Global
	GlobalSection(SolutionConfigurationPlatforms) = preSolution
		Debug|Any CPU = Debug|Any CPU
		Release|Any CPU = Release|Any CPU
	EndGlobalSection
	GlobalSection(ProjectConfigurationPlatforms) = postSolution
		{F9075132-D601-437F-B7C2-E420B206C0B8}.Debug|Any CPU.ActiveCfg = Debug|Any CPU
		{F9075132-D601-437F-B7C2-E420B206C0B8}.Debug|Any CPU.Build.0 = Debug|Any CPU
		{F9075132-D601-437F-B7C2-E420B206C0B8}.Release|Any CPU.ActiveCfg = Release|Any CPU
		{F9075132-D601-437F-B7C2-E420B206C0B8}.Release|Any CPU.Build.0 = Release|Any CPU
	EndGlobalSection
	GlobalSection(SolutionProperties) = preSolution
		HideSolutionNode = FALSE
	EndGlobalSection
	GlobalSection(ExtensibilityGlobals) = postSolution
		SolutionGuid = {5F26CC3A-A883-490C-A878-A6CABE56F427}
	EndGlobalSection
EndGlobal
